
Microsoft Visual Studio Solution File, Format Version 12.00
# Visual Studio Version 17
VisualStudioVersion = 17.7.34031.279
MinimumVisualStudioVersion = 10.0.40219.1
Project("{FAE04EC0-301F-11D3-BF4B-00C04F79EFBC}") = "factory", "factory\factory.csproj", "{9ABAA5AF-95CC-4133-8862-9CF0D4C428F2}"
EndProject
Global
	GlobalSection(SolutionConfigurationPlatforms) = preSolution
		Debug|Any CPU = Debug|Any CPU
		Release|Any CPU = Release|Any CPU
	EndGlobalSection
	GlobalSection(ProjectConfigurationPlatforms) = postSolution
		{9ABAA5AF-95CC-4133-8862-9CF0D4C428F2}.Debug|Any CPU.ActiveCfg = Debug|Any CPU
		{9ABAA5AF-95CC-4133-8862-9CF0D4C428F2}.Debug|Any CPU.Build.0 = Debug|Any CPU
		{9ABAA5AF-95CC-4133-8862-9CF0D4C428F2}.Release|Any CPU.ActiveCfg = Release|Any CPU
		{9ABAA5AF-95CC-4133-8862-9CF0D4C428F2}.Release|Any CPU.Build.0 = Release|Any CPU
	EndGlobalSection
	GlobalSection(SolutionProperties) = preSolution
		HideSolutionNode = FALSE
	EndGlobalSection
	GlobalSection(ExtensibilityGlobals) = postSolution
		SolutionGuid = {3765B39D-50B1-401B-8DBB-3B9B47B1E9E7}
	EndGlobalSection
EndGlobal
